
Microsoft Visual Studio Solution File, Format Version 12.00
# Visual Studio Version 16
VisualStudioVersion = 16.0.31727.386
MinimumVisualStudioVersion = 10.0.40219.1
Project("{FAE04EC0-301F-11D3-BF4B-00C04F79EFBC}") = "TestProject", "TestProject\TestProject.csproj", "{7954C592-3510-4005-A19E-52854010F4B2}"
EndProject
Global
	GlobalSection(SolutionConfigurationPlatforms) = preSolution
		Debug|Any CPU = Debug|Any CPU
		Release|Any CPU = Release|Any CPU
	EndGlobalSection
	GlobalSection(ProjectConfigurationPlatforms) = postSolution
		{7954C592-3510-4005-A19E-52854010F4B2}.Debug|Any CPU.ActiveCfg = Debug|Any CPU
		{7954C592-3510-4005-A19E-52854010F4B2}.Debug|Any CPU.Build.0 = Debug|Any CPU
		{7954C592-3510-4005-A19E-52854010F4B2}.Release|Any CPU.ActiveCfg = Release|Any CPU
		{7954C592-3510-4005-A19E-52854010F4B2}.Release|Any CPU.Build.0 = Release|Any CPU
	EndGlobalSection
	GlobalSection(SolutionProperties) = preSolution
		HideSolutionNode = FALSE
	EndGlobalSection
	GlobalSection(ExtensibilityGlobals) = postSolution
		SolutionGuid = {640878D8-A3CB-461D-8343-644C4D3CAF0B}
	EndGlobalSection
EndGlobal
